// !$*UTF8*$!
{
	archiveVersion = 1;
	classes = {
	};
	objectVersion = 46;
	objects = {

/* Begin PBXBuildFile section */
		D7EB7B291F552FF100A2C7ED /* main.m in Sources */ = {isa = PBXBuildFile; fileRef = D7EB7B281F552FF100A2C7ED /* main.m */; };
		D7EB7B2C1F552FF100A2C7ED /* AppDelegate.m in Sources */ = {isa = PBXBuildFile; fileRef = D7EB7B2B1F552FF100A2C7ED /* AppDelegate.m */; };
		D7EB7B2F1F552FF100A2C7ED /* ViewController.m in Sources */ = {isa = PBXBuildFile; fileRef = D7EB7B2E1F552FF100A2C7ED /* ViewController.m */; };
		D7EB7B321F552FF100A2C7ED /* Main.storyboard in Resources */ = {isa = PBXBuildFile; fileRef = D7EB7B301F552FF100A2C7ED /* Main.storyboard */; };
		D7EB7B341F552FF100A2C7ED /* Assets.xcassets in Resources */ = {isa = PBXBuildFile; fileRef = D7EB7B331F552FF100A2C7ED /* Assets.xcassets */; };
		D7EB7B371F552FF100A2C7ED /* LaunchScreen.storyboard in Resources */ = {isa = PBXBuildFile; fileRef = D7EB7B351F552FF100A2C7ED /* LaunchScreen.storyboard */; };
		D7EB7B421F552FF100A2C7ED /* Instruments____Tests.m in Sources */ = {isa = PBXBuildFile; fileRef = D7EB7B411F552FF100A2C7ED /* Instruments____Tests.m */; };
		D7EB7B4D1F552FF100A2C7ED /* Instruments____UITests.m in Sources */ = {isa = PBXBuildFile; fileRef = D7EB7B4C1F552FF100A2C7ED /* Instruments____UITests.m */; };
/* End PBXBuildFile section */

/* Begin PBXContainerItemProxy section */
		D7EB7B3E1F552FF100A2C7ED /* PBXContainerItemProxy */ = {
			isa = PBXContainerItemProxy;
			containerPortal = D7EB7B1C1F552FF100A2C7ED /* Project object */;
			proxyType = 1;
			remoteGlobalIDString = D7EB7B231F552FF100A2C7ED;
			remoteInfo = "Instruments使用测试";
		};
		D7EB7B491F552FF100A2C7ED /* PBXContainerItemProxy */ = {
			isa = PBXContainerItemProxy;
			containerPortal = D7EB7B1C1F552FF100A2C7ED /* Project object */;
			proxyType = 1;
			remoteGlobalIDString = D7EB7B231F552FF100A2C7ED;
			remoteInfo = "Instruments使用测试";
		};
/* End PBXContainerItemProxy section */

/* Begin PBXFileReference section */
		D7EB7B241F552FF100A2C7ED /* Instruments使用测试.app */ = {isa = PBXFileReference; explicitFileType = wrapper.application; includeInIndex = 0; path = "Instruments使用测试.app"; sourceTree = BUILT_PRODUCTS_DIR; };
		D7EB7B281F552FF100A2C7ED /* main.m */ = {isa = PBXFileReference; lastKnownFileType = sourcecode.c.objc; path = main.m; sourceTree = "<group>"; };
		D7EB7B2A1F552FF100A2C7ED /* AppDelegate.h */ = {isa = PBXFileReference; lastKnownFileType = sourcecode.c.h; path = AppDelegate.h; sourceTree = "<group>"; };
		D7EB7B2B1F552FF100A2C7ED /* AppDelegate.m */ = {isa = PBXFileReference; lastKnownFileType = sourcecode.c.objc; path = AppDelegate.m; sourceTree = "<group>"; };
		D7EB7B2D1F552FF100A2C7ED /* ViewController.h */ = {isa = PBXFileReference; lastKnownFileType = sourcecode.c.h; path = ViewController.h; sourceTree = "<group>"; };
		D7EB7B2E1F552FF100A2C7ED /* ViewController.m */ = {isa = PBXFileReference; lastKnownFileType = sourcecode.c.objc; path = ViewController.m; sourceTree = "<group>"; };
		D7EB7B311F552FF100A2C7ED /* Base */ = {isa = PBXFileReference; lastKnownFileType = file.storyboard; name = Base; path = Base.lproj/Main.storyboard; sourceTree = "<group>"; };
		D7EB7B331F552FF100A2C7ED /* Assets.xcassets */ = {isa = PBXFileReference; lastKnownFileType = folder.assetcatalog; path = Assets.xcassets; sourceTree = "<group>"; };
		D7EB7B361F552FF100A2C7ED /* Base */ = {isa = PBXFileReference; lastKnownFileType = file.storyboard; name = Base; path = Base.lproj/LaunchScreen.storyboard; sourceTree = "<group>"; };
		D7EB7B381F552FF100A2C7ED /* Info.plist */ = {isa = PBXFileReference; lastKnownFileType = text.plist.xml; path = Info.plist; sourceTree = "<group>"; };
		D7EB7B3D1F552FF100A2C7ED /* Instruments使用测试Tests.xctest */ = {isa = PBXFileReference; explicitFileType = wrapper.cfbundle; includeInIndex = 0; path = "Instruments使用测试Tests.xctest"; sourceTree = BUILT_PRODUCTS_DIR; };
		D7EB7B411F552FF100A2C7ED /* Instruments____Tests.m */ = {isa = PBXFileReference; lastKnownFileType = sourcecode.c.objc; path = "Instruments____Tests.m"; sourceTree = "<group>"; };
		D7EB7B431F552FF100A2C7ED /* Info.plist */ = {isa = PBXFileReference; lastKnownFileType = text.plist.xml; path = Info.plist; sourceTree = "<group>"; };
		D7EB7B481F552FF100A2C7ED /* Instruments使用测试UITests.xctest */ = {isa = PBXFileReference; explicitFileType = wrapper.cfbundle; includeInIndex = 0; path = "Instruments使用测试UITests.xctest"; sourceTree = BUILT_PRODUCTS_DIR; };
		D7EB7B4C1F552FF100A2C7ED /* Instruments____UITests.m */ = {isa = PBXFileReference; lastKnownFileType = sourcecode.c.objc; path = "Instruments____UITests.m"; sourceTree = "<group>"; };
		D7EB7B4E1F552FF100A2C7ED /* Info.plist */ = {isa = PBXFileReference; lastKnownFileType = text.plist.xml; path = Info.plist; sourceTree = "<group>"; };
/* End PBXFileReference section */

/* Begin PBXFrameworksBuildPhase section */
		D7EB7B211F552FF100A2C7ED /* Frameworks */ = {
			isa = PBXFrameworksBuildPhase;
			buildActionMask = 2147483647;
			files = (
			);
			runOnlyForDeploymentPostprocessing = 0;
		};
		D7EB7B3A1F552FF100A2C7ED /* Frameworks */ = {
			isa = PBXFrameworksBuildPhase;
			buildActionMask = 2147483647;
			files = (
			);
			runOnlyForDeploymentPostprocessing = 0;
		};
		D7EB7B451F552FF100A2C7ED /* Frameworks */ = {
			isa = PBXFrameworksBuildPhase;
			buildActionMask = 2147483647;
			files = (
			);
			runOnlyForDeploymentPostprocessing = 0;
		};
/* End PBXFrameworksBuildPhase section */

/* Begin PBXGroup section */
		D7EB7B1B1F552FF100A2C7ED = {
			isa = PBXGroup;
			children = (
				D7EB7B261F552FF100A2C7ED /* Instruments使用测试 */,
				D7EB7B401F552FF100A2C7ED /* Instruments使用测试Tests */,
				D7EB7B4B1F552FF100A2C7ED /* Instruments使用测试UITests */,
				D7EB7B251F552FF100A2C7ED /* Products */,
			);
			sourceTree = "<group>";
		};
		D7EB7B251F552FF100A2C7ED /* Products */ = {
			isa = PBXGroup;
			children = (
				D7EB7B241F552FF100A2C7ED /* Instruments使用测试.app */,
				D7EB7B3D1F552FF100A2C7ED /* Instruments使用测试Tests.xctest */,
				D7EB7B481F552FF100A2C7ED /* Instruments使用测试UITests.xctest */,
			);
			name = Products;
			sourceTree = "<group>";
		};
		D7EB7B261F552FF100A2C7ED /* Instruments使用测试 */ = {
			isa = PBXGroup;
			children = (
				D7EB7B2A1F552FF100A2C7ED /* AppDelegate.h */,
				D7EB7B2B1F552FF100A2C7ED /* AppDelegate.m */,
				D7EB7B2D1F552FF100A2C7ED /* ViewController.h */,
				D7EB7B2E1F552FF100A2C7ED /* ViewController.m */,
				D7EB7B301F552FF100A2C7ED /* Main.storyboard */,
				D7EB7B331F552FF100A2C7ED /* Assets.xcassets */,
				D7EB7B351F552FF100A2C7ED /* LaunchScreen.storyboard */,
				D7EB7B381F552FF100A2C7ED /* Info.plist */,
				D7EB7B271F552FF100A2C7ED /* Supporting Files */,
			);
			path = "Instruments使用测试";
			sourceTree = "<group>";
		};
		D7EB7B271F552FF100A2C7ED /* Supporting Files */ = {
			isa = PBXGroup;
			children = (
				D7EB7B281F552FF100A2C7ED /* main.m */,
			);
			name = "Supporting Files";
			sourceTree = "<group>";
		};
		D7EB7B401F552FF100A2C7ED /* Instruments使用测试Tests */ = {
			isa = PBXGroup;
			children = (
				D7EB7B411F552FF100A2C7ED /* Instruments____Tests.m */,
				D7EB7B431F552FF100A2C7ED /* Info.plist */,
			);
			path = "Instruments使用测试Tests";
			sourceTree = "<group>";
		};
		D7EB7B4B1F552FF100A2C7ED /* Instruments使用测试UITests */ = {
			isa = PBXGroup;
			children = (
				D7EB7B4C1F552FF100A2C7ED /* Instruments____UITests.m */,
				D7EB7B4E1F552FF100A2C7ED /* Info.plist */,
			);
			path = "Instruments使用测试UITests";
			sourceTree = "<group>";
		};
/* End PBXGroup section */

/* Begin PBXNativeTarget section */
		D7EB7B231F552FF100A2C7ED /* Instruments使用测试 */ = {
			isa = PBXNativeTarget;
			buildConfigurationList = D7EB7B511F552FF100A2C7ED /* Build configuration list for PBXNativeTarget "Instruments使用测试" */;
			buildPhases = (
				D7EB7B201F552FF100A2C7ED /* Sources */,
				D7EB7B211F552FF100A2C7ED /* Frameworks */,
				D7EB7B221F552FF100A2C7ED /* Resources */,
			);
			buildRules = (
			);
			dependencies = (
			);
			name = "Instruments使用测试";
			productName = "Instruments使用测试";
			productReference = D7EB7B241F552FF100A2C7ED /* Instruments使用测试.app */;
			productType = "com.apple.product-type.application";
		};
		D7EB7B3C1F552FF100A2C7ED /* Instruments使用测试Tests */ = {
			isa = PBXNativeTarget;
			buildConfigurationList = D7EB7B541F552FF100A2C7ED /* Build configuration list for PBXNativeTarget "Instruments使用测试Tests" */;
			buildPhases = (
				D7EB7B391F552FF100A2C7ED /* Sources */,
				D7EB7B3A1F552FF100A2C7ED /* Frameworks */,
				D7EB7B3B1F552FF100A2C7ED /* Resources */,
			);
			buildRules = (
			);
			dependencies = (
				D7EB7B3F1F552FF100A2C7ED /* PBXTargetDependency */,
			);
			name = "Instruments使用测试Tests";
			productName = "Instruments使用测试Tests";
			productReference = D7EB7B3D1F552FF100A2C7ED /* Instruments使用测试Tests.xctest */;
			productType = "com.apple.product-type.bundle.unit-test";
		};
		D7EB7B471F552FF100A2C7ED /* Instruments使用测试UITests */ = {
			isa = PBXNativeTarget;
			buildConfigurationList = D7EB7B571F552FF100A2C7ED /* Build configuration list for PBXNativeTarget "Instruments使用测试UITests" */;
			buildPhases = (
				D7EB7B441F552FF100A2C7ED /* Sources */,
				D7EB7B451F552FF100A2C7ED /* Frameworks */,
				D7EB7B461F552FF100A2C7ED /* Resources */,
			);
			buildRules = (
			);
			dependencies = (
				D7EB7B4A1F552FF100A2C7ED /* PBXTargetDependency */,
			);
			name = "Instruments使用测试UITests";
			productName = "Instruments使用测试UITests";
			productReference = D7EB7B481F552FF100A2C7ED /* Instruments使用测试UITests.xctest */;
			productType = "com.apple.product-type.bundle.ui-testing";
		};
/* End PBXNativeTarget section */

/* Begin PBXProject section */
		D7EB7B1C1F552FF100A2C7ED /* Project object */ = {
			isa = PBXProject;
			attributes = {
				LastUpgradeCheck = 0820;
				ORGANIZATIONNAME = vcyber;
				TargetAttributes = {
					D7EB7B231F552FF100A2C7ED = {
						CreatedOnToolsVersion = 8.2.1;
						DevelopmentTeam = M974WD5VWM;
						ProvisioningStyle = Manual;
					};
					D7EB7B3C1F552FF100A2C7ED = {
						CreatedOnToolsVersion = 8.2.1;
						ProvisioningStyle = Automatic;
						TestTargetID = D7EB7B231F552FF100A2C7ED;
					};
					D7EB7B471F552FF100A2C7ED = {
						CreatedOnToolsVersion = 8.2.1;
						ProvisioningStyle = Automatic;
						TestTargetID = D7EB7B231F552FF100A2C7ED;
					};
				};
			};
			buildConfigurationList = D7EB7B1F1F552FF100A2C7ED /* Build configuration list for PBXProject "Instruments使用测试" */;
			compatibilityVersion = "Xcode 3.2";
			developmentRegion = English;
			hasScannedForEncodings = 0;
			knownRegions = (
				en,
				Base,
			);
			mainGroup = D7EB7B1B1F552FF100A2C7ED;
			productRefGroup = D7EB7B251F552FF100A2C7ED /* Products */;
			projectDirPath = "";
			projectRoot = "";
			targets = (
				D7EB7B231F552FF100A2C7ED /* Instruments使用测试 */,
				D7EB7B3C1F552FF100A2C7ED /* Instruments使用测试Tests */,
				D7EB7B471F552FF100A2C7ED /* Instruments使用测试UITests */,
			);
		};
/* End PBXProject section */

/* Begin PBXResourcesBuildPhase section */
		D7EB7B221F552FF100A2C7ED /* Resources */ = {
			isa = PBXResourcesBuildPhase;
			buildActionMask = 2147483647;
			files = (
				D7EB7B371F552FF100A2C7ED /* LaunchScreen.storyboard in Resources */,
				D7EB7B341F552FF100A2C7ED /* Assets.xcassets in Resources */,
				D7EB7B321F552FF100A2C7ED /* Main.storyboard in Resources */,
			);
			runOnlyForDeploymentPostprocessing = 0;
		};
		D7EB7B3B1F552FF100A2C7ED /* Resources */ = {
			isa = PBXResourcesBuildPhase;
			buildActionMask = 2147483647;
			files = (
			);
			runOnlyForDeploymentPostprocessing = 0;
		};
		D7EB7B461F552FF100A2C7ED /* Resources */ = {
			isa = PBXResourcesBuildPhase;
			buildActionMask = 2147483647;
			files = (
			);
			runOnlyForDeploymentPostprocessing = 0;
		};
/* End PBXResourcesBuildPhase section */

/* Begin PBXSourcesBuildPhase section */
		D7EB7B201F552FF100A2C7ED /* Sources */ = {
			isa = PBXSourcesBuildPhase;
			buildActionMask = 2147483647;
			files = (
				D7EB7B2F1F552FF100A2C7ED /* ViewController.m in Sources */,
				D7EB7B2C1F552FF100A2C7ED /* AppDelegate.m in Sources */,
				D7EB7B291F552FF100A2C7ED /* main.m in Sources */,
			);
			runOnlyForDeploymentPostprocessing = 0;
		};
		D7EB7B391F552FF100A2C7ED /* Sources */ = {
			isa = PBXSourcesBuildPhase;
			buildActionMask = 2147483647;
			files = (
				D7EB7B421F552FF100A2C7ED /* Instruments____Tests.m in Sources */,
			);
			runOnlyForDeploymentPostprocessing = 0;
		};
		D7EB7B441F552FF100A2C7ED /* Sources */ = {
			isa = PBXSourcesBuildPhase;
			buildActionMask = 2147483647;
			files = (
				D7EB7B4D1F552FF100A2C7ED /* Instruments____UITests.m in Sources */,
			);
			runOnlyForDeploymentPostprocessing = 0;
		};
/* End PBXSourcesBuildPhase section */

/* Begin PBXTargetDependency section */
		D7EB7B3F1F552FF100A2C7ED /* PBXTargetDependency */ = {
			isa = PBXTargetDependency;
			target = D7EB7B231F552FF100A2C7ED /* Instruments使用测试 */;
			targetProxy = D7EB7B3E1F552FF100A2C7ED /* PBXContainerItemProxy */;
		};
		D7EB7B4A1F552FF100A2C7ED /* PBXTargetDependency */ = {
			isa = PBXTargetDependency;
			target = D7EB7B231F552FF100A2C7ED /* Instruments使用测试 */;
			targetProxy = D7EB7B491F552FF100A2C7ED /* PBXContainerItemProxy */;
		};
/* End PBXTargetDependency section */

/* Begin PBXVariantGroup section */
		D7EB7B301F552FF100A2C7ED /* Main.storyboard */ = {
			isa = PBXVariantGroup;
			children = (
				D7EB7B311F552FF100A2C7ED /* Base */,
			);
			name = Main.storyboard;
			sourceTree = "<group>";
		};
		D7EB7B351F552FF100A2C7ED /* LaunchScreen.storyboard */ = {
			isa = PBXVariantGroup;
			children = (
				D7EB7B361F552FF100A2C7ED /* Base */,
			);
			name = LaunchScreen.storyboard;
			sourceTree = "<group>";
		};
/* End PBXVariantGroup section */

/* Begin XCBuildConfiguration section */
		D7EB7B4F1F552FF100A2C7ED /* Debug */ = {
			isa = XCBuildConfiguration;
			buildSettings = {
				ALWAYS_SEARCH_USER_PATHS = NO;
				CLANG_ANALYZER_NONNULL = YES;
				CLANG_CXX_LANGUAGE_STANDARD = "gnu++0x";
				CLANG_CXX_LIBRARY = "libc++";
				CLANG_ENABLE_MODULES = YES;
				CLANG_ENABLE_OBJC_ARC = YES;
				CLANG_WARN_BOOL_CONVERSION = YES;
				CLANG_WARN_CONSTANT_CONVERSION = YES;
				CLANG_WARN_DIRECT_OBJC_ISA_USAGE = YES_ERROR;
				CLANG_WARN_DOCUMENTATION_COMMENTS = YES;
				CLANG_WARN_EMPTY_BODY = YES;
				CLANG_WARN_ENUM_CONVERSION = YES;
				CLANG_WARN_INFINITE_RECURSION = YES;
				CLANG_WARN_INT_CONVERSION = YES;
				CLANG_WARN_OBJC_ROOT_CLASS = YES_ERROR;
				CLANG_WARN_SUSPICIOUS_MOVE = YES;
				CLANG_WARN_UNREACHABLE_CODE = YES;
				CLANG_WARN__DUPLICATE_METHOD_MATCH = YES;
				"CODE_SIGN_IDENTITY[sdk=iphoneos*]" = "iPhone Developer";
				COPY_PHASE_STRIP = NO;
				DEBUG_INFORMATION_FORMAT = dwarf;
				ENABLE_STRICT_OBJC_MSGSEND = YES;
				ENABLE_TESTABILITY = YES;
				GCC_C_LANGUAGE_STANDARD = gnu99;
				GCC_DYNAMIC_NO_PIC = NO;
				GCC_NO_COMMON_BLOCKS = YES;
				GCC_OPTIMIZATION_LEVEL = 0;
				GCC_PREPROCESSOR_DEFINITIONS = (
					"DEBUG=1",
					"$(inherited)",
				);
				GCC_WARN_64_TO_32_BIT_CONVERSION = YES;
				GCC_WARN_ABOUT_RETURN_TYPE = YES_ERROR;
				GCC_WARN_UNDECLARED_SELECTOR = YES;
				GCC_WARN_UNINITIALIZED_AUTOS = YES_AGGRESSIVE;
				GCC_WARN_UNUSED_FUNCTION = YES;
				GCC_WARN_UNUSED_VARIABLE = YES;
				IPHONEOS_DEPLOYMENT_TARGET = 10.2;
				MTL_ENABLE_DEBUG_INFO = YES;
				ONLY_ACTIVE_ARCH = YES;
				SDKROOT = iphoneos;
			};
			name = Debug;
		};
		D7EB7B501F552FF100A2C7ED /* Release */ = {
			isa = XCBuildConfiguration;
			buildSettings = {
				ALWAYS_SEARCH_USER_PATHS = NO;
				CLANG_ANALYZER_NONNULL = YES;
				CLANG_CXX_LANGUAGE_STANDARD = "gnu++0x";
				CLANG_CXX_LIBRARY = "libc++";
				CLANG_ENABLE_MODULES = YES;
				CLANG_ENABLE_OBJC_ARC = YES;
				CLANG_WARN_BOOL_CONVERSION = YES;
				CLANG_WARN_CONSTANT_CONVERSION = YES;
				CLANG_WARN_DIRECT_OBJC_ISA_USAGE = YES_ERROR;
				CLANG_WARN_DOCUMENTATION_COMMENTS = YES;
				CLANG_WARN_EMPTY_BODY = YES;
				CLANG_WARN_ENUM_CONVERSION = YES;
				CLANG_WARN_INFINITE_RECURSION = YES;
				CLANG_WARN_INT_CONVERSION = YES;
				CLANG_WARN_OBJC_ROOT_CLASS = YES_ERROR;
				CLANG_WARN_SUSPICIOUS_MOVE = YES;
				CLANG_WARN_UNREACHABLE_CODE = YES;
				CLANG_WARN__DUPLICATE_METHOD_MATCH = YES;
				"CODE_SIGN_IDENTITY[sdk=iphoneos*]" = "iPhone Developer";
				COPY_PHASE_STRIP = NO;
				DEBUG_INFORMATION_FORMAT = "dwarf-with-dsym";
				ENABLE_NS_ASSERTIONS = NO;
				ENABLE_STRICT_OBJC_MSGSEND = YES;
				GCC_C_LANGUAGE_STANDARD = gnu99;
				GCC_NO_COMMON_BLOCKS = YES;
				GCC_WARN_64_TO_32_BIT_CONVERSION = YES;
				GCC_WARN_ABOUT_RETURN_TYPE = YES_ERROR;
				GCC_WARN_UNDECLARED_SELECTOR = YES;
				GCC_WARN_UNINITIALIZED_AUTOS = YES_AGGRESSIVE;
				GCC_WARN_UNUSED_FUNCTION = YES;
				GCC_WARN_UNUSED_VARIABLE = YES;
				IPHONEOS_DEPLOYMENT_TARGET = 10.2;
				MTL_ENABLE_DEBUG_INFO = NO;
				SDKROOT = iphoneos;
				VALIDATE_PRODUCT = YES;
			};
			name = Release;
		};
		D7EB7B521F552FF100A2C7ED /* Debug */ = {
			isa = XCBuildConfiguration;
			buildSettings = {
				ASSETCATALOG_COMPILER_APPICON_NAME = AppIcon;
				DEVELOPMENT_TEAM = M974WD5VWM;
				INFOPLIST_FILE = "Instruments使用测试/Info.plist";
				LD_RUNPATH_SEARCH_PATHS = "$(inherited) @executable_path/Frameworks";
				PRODUCT_BUNDLE_IDENTIFIER = "com.cyw.Instruments----";
				PRODUCT_NAME = "$(TARGET_NAME)";
				PROVISIONING_PROFILE = "f8a0955d-bb6e-423d-8855-3b5a13f35ed4";
				PROVISIONING_PROFILE_SPECIFIER = CYW_ALL_APP_Development;
			};
			name = Debug;
		};
		D7EB7B531F552FF100A2C7ED /* Release */ = {
			isa = XCBuildConfiguration;
			buildSettings = {
				ASSETCATALOG_COMPILER_APPICON_NAME = AppIcon;
				DEVELOPMENT_TEAM = M974WD5VWM;
				INFOPLIST_FILE = "Instruments使用测试/Info.plist";
				LD_RUNPATH_SEARCH_PATHS = "$(inherited) @executable_path/Frameworks";
				PRODUCT_BUNDLE_IDENTIFIER = "com.cyw.Instruments----";
				PRODUCT_NAME = "$(TARGET_NAME)";
				PROVISIONING_PROFILE = "f8a0955d-bb6e-423d-8855-3b5a13f35ed4";
				PROVISIONING_PROFILE_SPECIFIER = CYW_ALL_APP_Development;
			};
			name = Release;
		};
		D7EB7B551F552FF100A2C7ED /* Debug */ = {
			isa = XCBuildConfiguration;
			buildSettings = {
				BUNDLE_LOADER = "$(TEST_HOST)";
				INFOPLIST_FILE = "Instruments使用测试Tests/Info.plist";
				LD_RUNPATH_SEARCH_PATHS = "$(inherited) @executable_path/Frameworks @loader_path/Frameworks";
				PRODUCT_BUNDLE_IDENTIFIER = "com.cyw.Instruments----Tests";
				PRODUCT_NAME = "$(TARGET_NAME)";
				TEST_HOST = "$(BUILT_PRODUCTS_DIR)/Instruments使用测试.app/Instruments使用测试";
			};
			name = Debug;
		};
		D7EB7B561F552FF100A2C7ED /* Release */ = {
			isa = XCBuildConfiguration;
			buildSettings = {
				BUNDLE_LOADER = "$(TEST_HOST)";
				INFOPLIST_FILE = "Instruments使用测试Tests/Info.plist";
				LD_RUNPATH_SEARCH_PATHS = "$(inherited) @executable_path/Frameworks @loader_path/Frameworks";
				PRODUCT_BUNDLE_IDENTIFIER = "com.cyw.Instruments----Tests";
				PRODUCT_NAME = "$(TARGET_NAME)";
				TEST_HOST = "$(BUILT_PRODUCTS_DIR)/Instruments使用测试.app/Instruments使用测试";
			};
			name = Release;
		};
		D7EB7B581F552FF100A2C7ED /* Debug */ = {
			isa = XCBuildConfiguration;
			buildSettings = {
				INFOPLIST_FILE = "Instruments使用测试UITests/Info.plist";
				LD_RUNPATH_SEARCH_PATHS = "$(inherited) @executable_path/Frameworks @loader_path/Frameworks";
				PRODUCT_BUNDLE_IDENTIFIER = "com.cyw.Instruments----UITests";
				PRODUCT_NAME = "$(TARGET_NAME)";
				TEST_TARGET_NAME = "Instruments使用测试";
			};
			name = Debug;
		};
		D7EB7B591F552FF100A2C7ED /* Release */ = {
			isa = XCBuildConfiguration;
			buildSettings = {
				INFOPLIST_FILE = "Instruments使用测试UITests/Info.plist";
				LD_RUNPATH_SEARCH_PATHS = "$(inherited) @executable_path/Frameworks @loader_path/Frameworks";
				PRODUCT_BUNDLE_IDENTIFIER = "com.cyw.Instruments----UITests";
				PRODUCT_NAME = "$(TARGET_NAME)";
				TEST_TARGET_NAME = "Instruments使用测试";
			};
			name = Release;
		};
/* End XCBuildConfiguration section */

/* Begin XCConfigurationList section */
		D7EB7B1F1F552FF100A2C7ED /* Build configuration list for PBXProject "Instruments使用测试" */ = {
			isa = XCConfigurationList;
			buildConfigurations = (
				D7EB7B4F1F552FF100A2C7ED /* Debug */,
				D7EB7B501F552FF100A2C7ED /* Release */,
			);
			defaultConfigurationIsVisible = 0;
			defaultConfigurationName = Release;
		};
		D7EB7B511F552FF100A2C7ED /* Build configuration list for PBXNativeTarget "Instruments使用测试" */ = {
			isa = XCConfigurationList;
			buildConfigurations = (
				D7EB7B521F552FF100A2C7ED /* Debug */,
				D7EB7B531F552FF100A2C7ED /* Release */,
			);
			defaultConfigurationIsVisible = 0;
			defaultConfigurationName = Release;
		};
		D7EB7B541F552FF100A2C7ED /* Build configuration list for PBXNativeTarget "Instruments使用测试Tests" */ = {
			isa = XCConfigurationList;
			buildConfigurations = (
				D7EB7B551F552FF100A2C7ED /* Debug */,
				D7EB7B561F552FF100A2C7ED /* Release */,
			);
			defaultConfigurationIsVisible = 0;
			defaultConfigurationName = Release;
		};
		D7EB7B571F552FF100A2C7ED /* Build configuration list for PBXNativeTarget "Instruments使用测试UITests" */ = {
			isa = XCConfigurationList;
			buildConfigurations = (
				D7EB7B581F552FF100A2C7ED /* Debug */,
				D7EB7B591F552FF100A2C7ED /* Release */,
			);
			defaultConfigurationIsVisible = 0;
			defaultConfigurationName = Release;
		};
/* End XCConfigurationList section */
	};
	rootObject = D7EB7B1C1F552FF100A2C7ED /* Project object */;
}
